
Microsoft Visual Studio Solution File, Format Version 12.00
# Visual Studio 15
VisualStudioVersion = 15.0.28307.1000
MinimumVisualStudioVersion = 10.0.40219.1
Project("{F184B08F-C81C-45F6-A57F-5ABD9991F28F}") = "STARSORG", "STARSORG\STARSORG.vbproj", "{53A5E51C-F664-4E06-B17A-019577AC9C93}"
EndProject
Global
	GlobalSection(SolutionConfigurationPlatforms) = preSolution
		Debug|Any CPU = Debug|Any CPU
		Release|Any CPU = Release|Any CPU
	EndGlobalSection
	GlobalSection(ProjectConfigurationPlatforms) = postSolution
		{53A5E51C-F664-4E06-B17A-019577AC9C93}.Debug|Any CPU.ActiveCfg = Debug|Any CPU
		{53A5E51C-F664-4E06-B17A-019577AC9C93}.Debug|Any CPU.Build.0 = Debug|Any CPU
		{53A5E51C-F664-4E06-B17A-019577AC9C93}.Release|Any CPU.ActiveCfg = Release|Any CPU
		{53A5E51C-F664-4E06-B17A-019577AC9C93}.Release|Any CPU.Build.0 = Release|Any CPU
	EndGlobalSection
	GlobalSection(SolutionProperties) = preSolution
		HideSolutionNode = FALSE
	EndGlobalSection
	GlobalSection(ExtensibilityGlobals) = postSolution
		SolutionGuid = {79B493DE-8C01-474F-BD9C-2DA614759D40}
	EndGlobalSection
EndGlobal
